
Microsoft Visual Studio Solution File, Format Version 12.00
# Visual Studio 15
VisualStudioVersion = 15.0.27428.2015
MinimumVisualStudioVersion = 10.0.40219.1
Project("{FAE04EC0-301F-11D3-BF4B-00C04F79EFBC}") = "SocketIOapp.Android", "SocketIOapp\SocketIOapp.Android\SocketIOapp.Android.csproj", "{920CBA99-929F-418F-997F-992F331BC80B}"
EndProject
Project("{FAE04EC0-301F-11D3-BF4B-00C04F79EFBC}") = "SocketIOapp.UWP", "SocketIOapp\SocketIOapp.UWP\SocketIOapp.UWP.csproj", "{1D5D19A5-8CDE-439A-A420-948847DCA4F0}"
EndProject
Project("{FAE04EC0-301F-11D3-BF4B-00C04F79EFBC}") = "SocketIOapp", "SocketIOapp\SocketIOapp\SocketIOapp.csproj", "{4B9CA8A1-62C4-4F67-B3A1-9A38DEC7981D}"
EndProject
Global
	GlobalSection(SolutionConfigurationPlatforms) = preSolution
		Debug|Any CPU = Debug|Any CPU
		Debug|ARM = Debug|ARM
		Debug|x64 = Debug|x64
		Debug|x86 = Debug|x86
		Release|Any CPU = Release|Any CPU
		Release|ARM = Release|ARM
		Release|x64 = Release|x64
		Release|x86 = Release|x86
	EndGlobalSection
	GlobalSection(ProjectConfigurationPlatforms) = postSolution
		{920CBA99-929F-418F-997F-992F331BC80B}.Debug|Any CPU.ActiveCfg = Debug|Any CPU
		{920CBA99-929F-418F-997F-992F331BC80B}.Debug|Any CPU.Build.0 = Debug|Any CPU
		{920CBA99-929F-418F-997F-992F331BC80B}.Debug|Any CPU.Deploy.0 = Debug|Any CPU
		{920CBA99-929F-418F-997F-992F331BC80B}.Debug|ARM.ActiveCfg = Debug|Any CPU
		{920CBA99-929F-418F-997F-992F331BC80B}.Debug|ARM.Build.0 = Debug|Any CPU
		{920CBA99-929F-418F-997F-992F331BC80B}.Debug|ARM.Deploy.0 = Debug|Any CPU
		{920CBA99-929F-418F-997F-992F331BC80B}.Debug|x64.ActiveCfg = Debug|Any CPU
		{920CBA99-929F-418F-997F-992F331BC80B}.Debug|x64.Build.0 = Debug|Any CPU
		{920CBA99-929F-418F-997F-992F331BC80B}.Debug|x64.Deploy.0 = Debug|Any CPU
		{920CBA99-929F-418F-997F-992F331BC80B}.Debug|x86.ActiveCfg = Debug|Any CPU
		{920CBA99-929F-418F-997F-992F331BC80B}.Debug|x86.Build.0 = Debug|Any CPU
		{920CBA99-929F-418F-997F-992F331BC80B}.Debug|x86.Deploy.0 = Debug|Any CPU
		{920CBA99-929F-418F-997F-992F331BC80B}.Release|Any CPU.ActiveCfg = Release|Any CPU
		{920CBA99-929F-418F-997F-992F331BC80B}.Release|Any CPU.Build.0 = Release|Any CPU
		{920CBA99-929F-418F-997F-992F331BC80B}.Release|Any CPU.Deploy.0 = Release|Any CPU
		{920CBA99-929F-418F-997F-992F331BC80B}.Release|ARM.ActiveCfg = Release|Any CPU
		{920CBA99-929F-418F-997F-992F331BC80B}.Release|ARM.Build.0 = Release|Any CPU
		{920CBA99-929F-418F-997F-992F331BC80B}.Release|ARM.Deploy.0 = Release|Any CPU
		{920CBA99-929F-418F-997F-992F331BC80B}.Release|x64.ActiveCfg = Release|Any CPU
		{920CBA99-929F-418F-997F-992F331BC80B}.Release|x64.Build.0 = Release|Any CPU
		{920CBA99-929F-418F-997F-992F331BC80B}.Release|x64.Deploy.0 = Release|Any CPU
		{920CBA99-929F-418F-997F-992F331BC80B}.Release|x86.ActiveCfg = Release|Any CPU
		{920CBA99-929F-418F-997F-992F331BC80B}.Release|x86.Build.0 = Release|Any CPU
		{920CBA99-929F-418F-997F-992F331BC80B}.Release|x86.Deploy.0 = Release|Any CPU
		{1D5D19A5-8CDE-439A-A420-948847DCA4F0}.Debug|Any CPU.ActiveCfg = Debug|x86
		{1D5D19A5-8CDE-439A-A420-948847DCA4F0}.Debug|ARM.ActiveCfg = Debug|ARM
		{1D5D19A5-8CDE-439A-A420-948847DCA4F0}.Debug|ARM.Build.0 = Debug|ARM
		{1D5D19A5-8CDE-439A-A420-948847DCA4F0}.Debug|ARM.Deploy.0 = Debug|ARM
		{1D5D19A5-8CDE-439A-A420-948847DCA4F0}.Debug|x64.ActiveCfg = Debug|x64
		{1D5D19A5-8CDE-439A-A420-948847DCA4F0}.Debug|x64.Build.0 = Debug|x64
		{1D5D19A5-8CDE-439A-A420-948847DCA4F0}.Debug|x64.Deploy.0 = Debug|x64
		{1D5D19A5-8CDE-439A-A420-948847DCA4F0}.Debug|x86.ActiveCfg = Debug|x86
		{1D5D19A5-8CDE-439A-A420-948847DCA4F0}.Debug|x86.Build.0 = Debug|x86
		{1D5D19A5-8CDE-439A-A420-948847DCA4F0}.Debug|x86.Deploy.0 = Debug|x86
		{1D5D19A5-8CDE-439A-A420-948847DCA4F0}.Release|Any CPU.ActiveCfg = Release|x86
		{1D5D19A5-8CDE-439A-A420-948847DCA4F0}.Release|ARM.ActiveCfg = Release|ARM
		{1D5D19A5-8CDE-439A-A420-948847DCA4F0}.Release|ARM.Build.0 = Release|ARM
		{1D5D19A5-8CDE-439A-A420-948847DCA4F0}.Release|ARM.Deploy.0 = Release|ARM
		{1D5D19A5-8CDE-439A-A420-948847DCA4F0}.Release|x64.ActiveCfg = Release|x64
		{1D5D19A5-8CDE-439A-A420-948847DCA4F0}.Release|x64.Build.0 = Release|x64
		{1D5D19A5-8CDE-439A-A420-948847DCA4F0}.Release|x64.Deploy.0 = Release|x64
		{1D5D19A5-8CDE-439A-A420-948847DCA4F0}.Release|x86.ActiveCfg = Release|x86
		{1D5D19A5-8CDE-439A-A420-948847DCA4F0}.Release|x86.Build.0 = Release|x86
		{1D5D19A5-8CDE-439A-A420-948847DCA4F0}.Release|x86.Deploy.0 = Release|x86
		{4B9CA8A1-62C4-4F67-B3A1-9A38DEC7981D}.Debug|Any CPU.ActiveCfg = Debug|Any CPU
		{4B9CA8A1-62C4-4F67-B3A1-9A38DEC7981D}.Debug|Any CPU.Build.0 = Debug|Any CPU
		{4B9CA8A1-62C4-4F67-B3A1-9A38DEC7981D}.Debug|ARM.ActiveCfg = Debug|Any CPU
		{4B9CA8A1-62C4-4F67-B3A1-9A38DEC7981D}.Debug|ARM.Build.0 = Debug|Any CPU
		{4B9CA8A1-62C4-4F67-B3A1-9A38DEC7981D}.Debug|x64.ActiveCfg = Debug|Any CPU
		{4B9CA8A1-62C4-4F67-B3A1-9A38DEC7981D}.Debug|x64.Build.0 = Debug|Any CPU
		{4B9CA8A1-62C4-4F67-B3A1-9A38DEC7981D}.Debug|x86.ActiveCfg = Debug|Any CPU
		{4B9CA8A1-62C4-4F67-B3A1-9A38DEC7981D}.Debug|x86.Build.0 = Debug|Any CPU
		{4B9CA8A1-62C4-4F67-B3A1-9A38DEC7981D}.Release|Any CPU.ActiveCfg = Release|Any CPU
		{4B9CA8A1-62C4-4F67-B3A1-9A38DEC7981D}.Release|Any CPU.Build.0 = Release|Any CPU
		{4B9CA8A1-62C4-4F67-B3A1-9A38DEC7981D}.Release|ARM.ActiveCfg = Release|Any CPU
		{4B9CA8A1-62C4-4F67-B3A1-9A38DEC7981D}.Release|ARM.Build.0 = Release|Any CPU
		{4B9CA8A1-62C4-4F67-B3A1-9A38DEC7981D}.Release|x64.ActiveCfg = Release|Any CPU
		{4B9CA8A1-62C4-4F67-B3A1-9A38DEC7981D}.Release|x64.Build.0 = Release|Any CPU
		{4B9CA8A1-62C4-4F67-B3A1-9A38DEC7981D}.Release|x86.ActiveCfg = Release|Any CPU
		{4B9CA8A1-62C4-4F67-B3A1-9A38DEC7981D}.Release|x86.Build.0 = Release|Any CPU
	EndGlobalSection
	GlobalSection(SolutionProperties) = preSolution
		HideSolutionNode = FALSE
	EndGlobalSection
	GlobalSection(ExtensibilityGlobals) = postSolution
		SolutionGuid = {6CDE396C-8AC1-4954-A2A0-56BD6F992C10}
	EndGlobalSection
EndGlobal
